
Microsoft Visual Studio Solution File, Format Version 12.00
# Visual Studio 15
VisualStudioVersion = 15.0.28010.2050
MinimumVisualStudioVersion = 10.0.40219.1
Project("{FAE04EC0-301F-11D3-BF4B-00C04F79EFBC}") = "zad412", "zad412\zad412.csproj", "{EA786A2E-B6C8-4643-AFF4-AA8FFB99BCF7}"
EndProject
Global
	GlobalSection(SolutionConfigurationPlatforms) = preSolution
		Debug|Any CPU = Debug|Any CPU
		Release|Any CPU = Release|Any CPU
	EndGlobalSection
	GlobalSection(ProjectConfigurationPlatforms) = postSolution
		{EA786A2E-B6C8-4643-AFF4-AA8FFB99BCF7}.Debug|Any CPU.ActiveCfg = Debug|Any CPU
		{EA786A2E-B6C8-4643-AFF4-AA8FFB99BCF7}.Debug|Any CPU.Build.0 = Debug|Any CPU
		{EA786A2E-B6C8-4643-AFF4-AA8FFB99BCF7}.Release|Any CPU.ActiveCfg = Release|Any CPU
		{EA786A2E-B6C8-4643-AFF4-AA8FFB99BCF7}.Release|Any CPU.Build.0 = Release|Any CPU
	EndGlobalSection
	GlobalSection(SolutionProperties) = preSolution
		HideSolutionNode = FALSE
	EndGlobalSection
	GlobalSection(ExtensibilityGlobals) = postSolution
		SolutionGuid = {90F6F95B-21B3-4CF6-90AA-F9453C4D3C3D}
	EndGlobalSection
EndGlobal
