
Microsoft Visual Studio Solution File, Format Version 12.00
# Visual Studio 15
VisualStudioVersion = 15.0.28010.2050
MinimumVisualStudioVersion = 10.0.40219.1
Project("{FAE04EC0-301F-11D3-BF4B-00C04F79EFBC}") = "Zad378", "Zad378\Zad378.csproj", "{D5BAA841-104E-4D20-A493-0F4D1BBAC2BF}"
EndProject
Global
	GlobalSection(SolutionConfigurationPlatforms) = preSolution
		Debug|Any CPU = Debug|Any CPU
		Release|Any CPU = Release|Any CPU
	EndGlobalSection
	GlobalSection(ProjectConfigurationPlatforms) = postSolution
		{D5BAA841-104E-4D20-A493-0F4D1BBAC2BF}.Debug|Any CPU.ActiveCfg = Debug|Any CPU
		{D5BAA841-104E-4D20-A493-0F4D1BBAC2BF}.Debug|Any CPU.Build.0 = Debug|Any CPU
		{D5BAA841-104E-4D20-A493-0F4D1BBAC2BF}.Release|Any CPU.ActiveCfg = Release|Any CPU
		{D5BAA841-104E-4D20-A493-0F4D1BBAC2BF}.Release|Any CPU.Build.0 = Release|Any CPU
	EndGlobalSection
	GlobalSection(SolutionProperties) = preSolution
		HideSolutionNode = FALSE
	EndGlobalSection
	GlobalSection(ExtensibilityGlobals) = postSolution
		SolutionGuid = {008E3A7C-1562-431A-9EBE-3C9837014F45}
	EndGlobalSection
EndGlobal
